
Microsoft Visual Studio Solution File, Format Version 12.00
# Visual Studio Version 17
VisualStudioVersion = 17.9.34622.214
MinimumVisualStudioVersion = 10.0.40219.1
Project("{FAE04EC0-301F-11D3-BF4B-00C04F79EFBC}") = "UserApi", "UserApi\UserApi.csproj", "{8FE70C58-2E24-46C2-AA41-C9BEE5518012}"
EndProject
Project("{2150E333-8FDC-42A3-9474-1A3956D46DE8}") = "Solution Items", "Solution Items", "{E0BF978E-07D1-47F5-83B2-83F9D241D7ED}"
	ProjectSection(SolutionItems) = preProject
		.gitignore = .gitignore
	EndProjectSection
EndProject
Global
	GlobalSection(SolutionConfigurationPlatforms) = preSolution
		Debug|Any CPU = Debug|Any CPU
		Release|Any CPU = Release|Any CPU
	EndGlobalSection
	GlobalSection(ProjectConfigurationPlatforms) = postSolution
		{8FE70C58-2E24-46C2-AA41-C9BEE5518012}.Debug|Any CPU.ActiveCfg = Debug|Any CPU
		{8FE70C58-2E24-46C2-AA41-C9BEE5518012}.Debug|Any CPU.Build.0 = Debug|Any CPU
		{8FE70C58-2E24-46C2-AA41-C9BEE5518012}.Release|Any CPU.ActiveCfg = Release|Any CPU
		{8FE70C58-2E24-46C2-AA41-C9BEE5518012}.Release|Any CPU.Build.0 = Release|Any CPU
	EndGlobalSection
	GlobalSection(SolutionProperties) = preSolution
		HideSolutionNode = FALSE
	EndGlobalSection
	GlobalSection(ExtensibilityGlobals) = postSolution
		SolutionGuid = {A6FCD66C-E899-4BCE-B997-229230D68741}
	EndGlobalSection
EndGlobal
